<?xml version="1.0" encoding="utf-8"?>
<Project ToolsVersion="4.0" xmlns="http://schemas.microsoft.com/developer/msbuild/2003">
  <ItemGroup>
    <Filter Include="Source Files">
      <UniqueIdentifier>{4FC737F1-C7A5-4376-A066-2A32D752A2FF}</UniqueIdentifier>
      <Extensions>cpp;c;cc;cxx;def;odl;idl;hpj;bat;asm;asmx</Extensions>
    </Filter>
    <Filter Include="Header Files">
      <UniqueIdentifier>{93995380-89BD-4b04-88EB-625FBE52EBFB}</UniqueIdentifier>
      <Extensions>h;hh;hpp;hxx;hm;inl;inc;ipp;xsd</Extensions>
    </Filter>
    <Filter Include="Resource Files">
      <UniqueIdentifier>{67DA6AB6-F800-4c08-8B7A-83BB121AAD01}</UniqueIdentifier>
      <Extensions>rc;ico;cur;bmp;dlg;rc2;rct;bin;rgs;gif;jpg;jpeg;jpe;resx;tiff;tif;png;wav;mfcribbon-ms</Extensions>
    </Filter>
    <Filter Include="dep">
      <UniqueIdentifier>{9d53c58c-4525-4813-ac2f-07bf16100580}</UniqueIdentifier>
    </Filter>
    <Filter Include="dep\imgui">
      <UniqueIdentifier>{5a4d7fa0-8278-4493-871a-c6964cf0a359}</UniqueIdentifier>
    </Filter>
    <Filter Include="dep\opengl">
      <UniqueIdentifier>{a036df08-c8da-46be-80c4-31ec6dfd55d6}</UniqueIdentifier>
    </Filter>
  </ItemGroup>
  <ItemGroup>
    <ClInclude Include="stdafx.h">
      <Filter>Header Files</Filter>
    </ClInclude>
    <ClInclude Include="targetver.h">
      <Filter>Header Files</Filter>
    </ClInclude>
    <ClInclude Include="Resource.h">
      <Filter>Header Files</Filter>
    </ClInclude>
    <ClInclude Include="VFS.h">
      <Filter>Header Files</Filter>
    </ClInclude>
    <ClInclude Include="TestSys.h">
      <Filter>Header Files</Filter>
    </ClInclude>
  </ItemGroup>
  <ItemGroup>
    <ClCompile Include="stdafx.cpp">
      <Filter>Source Files</Filter>
    </ClCompile>
    <ClCompile Include="main.cpp">
      <Filter>Source Files</Filter>
    </ClCompile>
    <ClCompile Include="..\dep\imgui\imgui.cpp">
      <Filter>dep\imgui</Filter>
    </ClCompile>
    <ClCompile Include="..\dep\imgui\imgui_draw.cpp">
      <Filter>dep\imgui</Filter>
    </ClCompile>
    <ClCompile Include="..\dep\imgui\imgui_impl_opengl3.cpp">
      <Filter>dep\imgui</Filter>
    </ClCompile>
    <ClCompile Include="..\dep\imgui\imgui_widgets.cpp">
      <Filter>dep\imgui</Filter>
    </ClCompile>
    <ClCompile Include="..\dep\opengl\wgl_core_4_4.c">
      <Filter>dep\opengl</Filter>
    </ClCompile>
    <ClCompile Include="..\dep\opengl\gl_core_4_4.c">
      <Filter>dep\opengl</Filter>
    </ClCompile>
    <ClCompile Include="VFS.cpp">
      <Filter>Source Files</Filter>
    </ClCompile>
    <ClCompile Include="TestSys.cpp">
      <Filter>Source Files</Filter>
    </ClCompile>
  </ItemGroup>
  <ItemGroup>
    <ResourceCompile Include="Virtual File System.rc">
      <Filter>Resource Files</Filter>
    </ResourceCompile>
  </ItemGroup>
  <ItemGroup>
    <Image Include="small.ico">
      <Filter>Resource Files</Filter>
    </Image>
    <Image Include="Virtual File System.ico">
      <Filter>Resource Files</Filter>
    </Image>
  </ItemGroup>
</Project>